
Microsoft Visual Studio Solution File, Format Version 12.00
# Visual Studio Version 17
VisualStudioVersion = 17.9.34728.123
MinimumVisualStudioVersion = 10.0.40219.1
Project("{FAE04EC0-301F-11D3-BF4B-00C04F79EFBC}") = "APIKeyAuthenticationDemo", "APIKeyAuthenticationDemo.csproj", "{B259F653-0BB3-48AE-A132-E209D5AAD40F}"
EndProject
Global
	GlobalSection(SolutionConfigurationPlatforms) = preSolution
		Debug|Any CPU = Debug|Any CPU
		Release|Any CPU = Release|Any CPU
	EndGlobalSection
	GlobalSection(ProjectConfigurationPlatforms) = postSolution
		{B259F653-0BB3-48AE-A132-E209D5AAD40F}.Debug|Any CPU.ActiveCfg = Debug|Any CPU
		{B259F653-0BB3-48AE-A132-E209D5AAD40F}.Debug|Any CPU.Build.0 = Debug|Any CPU
		{B259F653-0BB3-48AE-A132-E209D5AAD40F}.Release|Any CPU.ActiveCfg = Release|Any CPU
		{B259F653-0BB3-48AE-A132-E209D5AAD40F}.Release|Any CPU.Build.0 = Release|Any CPU
	EndGlobalSection
	GlobalSection(SolutionProperties) = preSolution
		HideSolutionNode = FALSE
	EndGlobalSection
	GlobalSection(ExtensibilityGlobals) = postSolution
		SolutionGuid = {E167180F-EE5E-47E3-9238-B60A4700096F}
	EndGlobalSection
EndGlobal
